
Microsoft Visual Studio Solution File, Format Version 12.00
# Visual Studio Version 17
VisualStudioVersion = 17.2.32630.192
MinimumVisualStudioVersion = 10.0.40219.1
Project("{FAE04EC0-301F-11D3-BF4B-00C04F79EFBC}") = "CircuitBreaker.API", "CircuitBreaker.API\CircuitBreaker.API.csproj", "{5F6BC021-B042-4B63-B929-DCD6578CAD2F}"
EndProject
Project("{FAE04EC0-301F-11D3-BF4B-00C04F79EFBC}") = "CircuitBreaker.Core", "CircuitBreaker.Core\CircuitBreaker.Core.csproj", "{37D74D4F-CDED-409D-8869-0F6414AEF936}"
EndProject
Project("{FAE04EC0-301F-11D3-BF4B-00C04F79EFBC}") = "CircuitBreaker.Service", "CircuitBreaker.Service\CircuitBreaker.Service.csproj", "{5D6A0470-6DB6-4815-ACCC-9C133411462F}"
EndProject
Global
	GlobalSection(SolutionConfigurationPlatforms) = preSolution
		Debug|Any CPU = Debug|Any CPU
		Release|Any CPU = Release|Any CPU
	EndGlobalSection
	GlobalSection(ProjectConfigurationPlatforms) = postSolution
		{5F6BC021-B042-4B63-B929-DCD6578CAD2F}.Debug|Any CPU.ActiveCfg = Debug|Any CPU
		{5F6BC021-B042-4B63-B929-DCD6578CAD2F}.Debug|Any CPU.Build.0 = Debug|Any CPU
		{5F6BC021-B042-4B63-B929-DCD6578CAD2F}.Release|Any CPU.ActiveCfg = Release|Any CPU
		{5F6BC021-B042-4B63-B929-DCD6578CAD2F}.Release|Any CPU.Build.0 = Release|Any CPU
		{37D74D4F-CDED-409D-8869-0F6414AEF936}.Debug|Any CPU.ActiveCfg = Debug|Any CPU
		{37D74D4F-CDED-409D-8869-0F6414AEF936}.Debug|Any CPU.Build.0 = Debug|Any CPU
		{37D74D4F-CDED-409D-8869-0F6414AEF936}.Release|Any CPU.ActiveCfg = Release|Any CPU
		{37D74D4F-CDED-409D-8869-0F6414AEF936}.Release|Any CPU.Build.0 = Release|Any CPU
		{5D6A0470-6DB6-4815-ACCC-9C133411462F}.Debug|Any CPU.ActiveCfg = Debug|Any CPU
		{5D6A0470-6DB6-4815-ACCC-9C133411462F}.Debug|Any CPU.Build.0 = Debug|Any CPU
		{5D6A0470-6DB6-4815-ACCC-9C133411462F}.Release|Any CPU.ActiveCfg = Release|Any CPU
		{5D6A0470-6DB6-4815-ACCC-9C133411462F}.Release|Any CPU.Build.0 = Release|Any CPU
	EndGlobalSection
	GlobalSection(SolutionProperties) = preSolution
		HideSolutionNode = FALSE
	EndGlobalSection
	GlobalSection(ExtensibilityGlobals) = postSolution
		SolutionGuid = {B763696C-505C-42B3-A50C-8DCCDCB387E3}
	EndGlobalSection
EndGlobal
